// !$*UTF8*$!
{
	archiveVersion = 1;
	classes = {
	};
	objectVersion = 51;
	objects = {

/* Begin PBXBuildFile section */
		020C49B35FE8B846FDDC3D1B /* GCDWebServer.xcframework in Frameworks */ = {isa = PBXBuildFile; fileRef = 26E7D3A0820FC03F8F3C1EE6 /* GCDWebServer.xcframework */; };
		05DEB5F9798F3B71EEDDC866 /* FileInputStream.swift in Sources */ = {isa = PBXBuildFile; fileRef = 98C0780B1B8354B929E7F01E /* FileInputStream.swift */; };
		091CE41A08DDECA5D8EEF400 /* OPFParser.swift in Sources */ = {isa = PBXBuildFile; fileRef = 2D8C2C5E9E9C2BA3A2AF9D98 /* OPFParser.swift */; };
		0EBAF06C364BDE8EC80BBEDE /* CryptoSwift.xcframework in Frameworks */ = {isa = PBXBuildFile; fileRef = E76A0AF2AF84B9F45F90B4A0 /* CryptoSwift.xcframework */; };
		14D3C19041BD78E5C24405F8 /* PDFPositionsService.swift in Sources */ = {isa = PBXBuildFile; fileRef = D8C7305067E0BDFA6A0C1CB6 /* PDFPositionsService.swift */; };
		1604758C67E9CA507DDE7775 /* Logger.swift in Sources */ = {isa = PBXBuildFile; fileRef = 79C6C1D25A04411264C36780 /* Logger.swift */; };
		16FA0E6F950318F99A4C9449 /* PublicationContainer.swift in Sources */ = {isa = PBXBuildFile; fileRef = 78A2CC0C79AE93060D414C09 /* PublicationContainer.swift */; };
		1DDDEDC33B518AE3ADB91456 /* ZIPArchive.swift in Sources */ = {isa = PBXBuildFile; fileRef = C15F0C6F80498CF08812E52B /* ZIPArchive.swift */; };
		23F7873102BA18DAE6B07E93 /* r2-streamer-swift-Bridging-Header.h in Headers */ = {isa = PBXBuildFile; fileRef = 3C18A23FF7A255EDD5187E21 /* r2-streamer-swift-Bridging-Header.h */; settings = {ATTRIBUTES = (Public, ); }; };
		271CC4B95EEEF95AE004A4D7 /* r2-streamer-swift.h in Headers */ = {isa = PBXBuildFile; fileRef = 451CBEFD8A5EF2F950E2FEBE /* r2-streamer-swift.h */; settings = {ATTRIBUTES = (Public, ); }; };
		27850D641E97EA8189722221 /* EPUBMetadataParser.swift in Sources */ = {isa = PBXBuildFile; fileRef = 0F4C974D3469C0E4E791FE7A /* EPUBMetadataParser.swift */; };
		29653C311A885ED9DAC3BC25 /* R2Shared.xcframework in Frameworks */ = {isa = PBXBuildFile; fileRef = 89219253FC939495860CF826 /* R2Shared.xcframework */; };
		29C49C86831C17908B2F2AA2 /* ReadiumWebPubParser.swift in Sources */ = {isa = PBXBuildFile; fileRef = 0B75D0A22A8B071D2F1CAF65 /* ReadiumWebPubParser.swift */; };
		2FAD7879A826867CD91088B3 /* NavigationDocumentParser.swift in Sources */ = {isa = PBXBuildFile; fileRef = C85A652B273CB207B0E61644 /* NavigationDocumentParser.swift */; };
		34B1A7BA9C8D8F214CE68D88 /* PDFParser.swift in Sources */ = {isa = PBXBuildFile; fileRef = FB887AD981A34E263153F880 /* PDFParser.swift */; };
		369B9121A2E039AB83526E5E /* WebServerResourceResponse.swift in Sources */ = {isa = PBXBuildFile; fileRef = E68CEBB78833A9650C14348F /* WebServerResourceResponse.swift */; };
		3876263A975F6DED89052003 /* Streamer.swift in Sources */ = {isa = PBXBuildFile; fileRef = B98970FE9FF3BD4E2906E694 /* Streamer.swift */; };
		3BAD2802BDEA1B76B19395DE /* PDFFileParser.swift in Sources */ = {isa = PBXBuildFile; fileRef = 7A67C55904BC38A1B0D38717 /* PDFFileParser.swift */; };
		4010FFD65A22B392D7EF5EC8 /* ImageParser.swift in Sources */ = {isa = PBXBuildFile; fileRef = 24B062E20F25E903D1AE656B /* ImageParser.swift */; };
		4630B7BD6320B50717EC42F8 /* DataExtension.swift in Sources */ = {isa = PBXBuildFile; fileRef = BA721905E759FBD2DFCA00CC /* DataExtension.swift */; };
		48B3811527CBBFB88F69C895 /* PublicationServer.swift in Sources */ = {isa = PBXBuildFile; fileRef = 5F3506F614C62E206D4AD4E3 /* PublicationServer.swift */; };
		497B6380B4D288430EAFDE8B /* Fuzi.xcframework in Frameworks */ = {isa = PBXBuildFile; fileRef = E37FE0B866F8E23B3069B153 /* Fuzi.xcframework */; };
		4B264DBA6231B3335896B3A6 /* EPUBHTMLInjector.swift in Sources */ = {isa = PBXBuildFile; fileRef = B21D76D41DD6EA9031BC6DE4 /* EPUBHTMLInjector.swift */; };
		4CEF1BEEB0999BBCDDFFDF11 /* EPUBDeobfuscator.swift in Sources */ = {isa = PBXBuildFile; fileRef = FAE70B0564636605E0990785 /* EPUBDeobfuscator.swift */; };
		5EB892358BDD575EE9507109 /* Parser+Deprecated.swift in Sources */ = {isa = PBXBuildFile; fileRef = 216D9256D69E394757161650 /* Parser+Deprecated.swift */; };
		640A28525DFAAAE4A222B495 /* CBZParser.swift in Sources */ = {isa = PBXBuildFile; fileRef = 5D91E49248ACA7A15ECE10AF /* CBZParser.swift */; };
		6B52CC899974198692AA21B0 /* ResourceInputStream.swift in Sources */ = {isa = PBXBuildFile; fileRef = 5305EB5A45D5811A9E5D4A48 /* ResourceInputStream.swift */; };
		71CDDA1B772E3DBA0E6E80C2 /* StringExtension.swift in Sources */ = {isa = PBXBuildFile; fileRef = 13B6D3B9DBB01F263F0E385F /* StringExtension.swift */; };
		7310785807B447C8BBF1349A /* ZIPInputStream.swift in Sources */ = {isa = PBXBuildFile; fileRef = 2F64A7E8132F9C8E0332A969 /* ZIPInputStream.swift */; };
		77FCA3900E9A45D6A100DC0A /* DataCompression.swift in Sources */ = {isa = PBXBuildFile; fileRef = 56BEE25E992A23E374AE7737 /* DataCompression.swift */; };
		7D5B8D2368E474E00C947B92 /* Fetcher.swift in Sources */ = {isa = PBXBuildFile; fileRef = AD28FD7A44A546660FBCC48B /* Fetcher.swift */; };
		7E06CC49F79D3A49B3EBE427 /* LCPDFPositionsService.swift in Sources */ = {isa = PBXBuildFile; fileRef = 801C7C09645D2C577ECAE576 /* LCPDFPositionsService.swift */; };
		89658F677DF78356F30B070A /* Presentation+EPUB.swift in Sources */ = {isa = PBXBuildFile; fileRef = A4A60687B88583971E88BDD0 /* Presentation+EPUB.swift */; };
		897D7BFEEAB1788DD4EAE417 /* Zip.h in Headers */ = {isa = PBXBuildFile; fileRef = A43C482777B16ADF9728AC07 /* Zip.h */; settings = {ATTRIBUTES = (Public, ); }; };
		8EDEC16E934F553C718276C5 /* AudioParser.swift in Sources */ = {isa = PBXBuildFile; fileRef = 16E0B032AC40AD89C2704BA6 /* AudioParser.swift */; };
		8FACA7A787AE2B714D7B2013 /* EPUBPositionsService.swift in Sources */ = {isa = PBXBuildFile; fileRef = 35F9E1A3C9FFC1CB770BA5B5 /* EPUBPositionsService.swift */; };
		902F344FE71CE786F0010538 /* PublicationParser.swift in Sources */ = {isa = PBXBuildFile; fileRef = E0A0AE6BF8306A4ACC18CCDD /* PublicationParser.swift */; };
		934F7715E1857A1091F26BEF /* Assets in Resources */ = {isa = PBXBuildFile; fileRef = 7C05AAB18FF5E73FDC15749C /* Assets */; };
		9A0009EED94F62D9A78F8A84 /* HTTPContainer.swift in Sources */ = {isa = PBXBuildFile; fileRef = E8110B3A45F98FC3B39AB4B2 /* HTTPContainer.swift */; };
		9A1F2C9F389998E6F4CA19CD /* EPUBContainerParser.swift in Sources */ = {isa = PBXBuildFile; fileRef = FA3DD21B8C6D3B42DA9B3E10 /* EPUBContainerParser.swift */; };
		9D09EDF2A342D1319D6772ED /* SMILParser.swift in Sources */ = {isa = PBXBuildFile; fileRef = F5DE51A1FD7C3F9A1A5699F3 /* SMILParser.swift */; };
		A39C9E6B961B02386E732272 /* DataInputStream.swift in Sources */ = {isa = PBXBuildFile; fileRef = 15CAE010050460C287B75C9C /* DataInputStream.swift */; };
		B88DECF868E0D222EB619D3A /* EPUBEncryptionParser.swift in Sources */ = {isa = PBXBuildFile; fileRef = FE584B472F6C941595CFA461 /* EPUBEncryptionParser.swift */; };
		C5D7D71AE2F4005DE40C6FE4 /* EPUBParser.swift in Sources */ = {isa = PBXBuildFile; fileRef = DCAE76F23DD6D09566C0073E /* EPUBParser.swift */; };
		D09E847265286597D86A3294 /* Bundle.swift in Sources */ = {isa = PBXBuildFile; fileRef = 1CC80F73E026FD3528FF8823 /* Bundle.swift */; };
		D3C244ECAF437CAC74CFB4F7 /* NCXParser.swift in Sources */ = {isa = PBXBuildFile; fileRef = 93B087DFE198B32286D56FCC /* NCXParser.swift */; };
		D6AE2284F86A3CC92BFA1A27 /* Seekable.swift in Sources */ = {isa = PBXBuildFile; fileRef = BD1414E837911A91CB2D87B1 /* Seekable.swift */; };
		DC4455299094DBA8040C9C4F /* OPFMeta.swift in Sources */ = {isa = PBXBuildFile; fileRef = 02951BC199F462AB32BABF14 /* OPFMeta.swift */; };
		DCFD50345379ECAD29592FD8 /* Minizip.xcframework in Frameworks */ = {isa = PBXBuildFile; fileRef = B12F2309C468787C435C71B2 /* Minizip.xcframework */; };
		DE35FECA4D45712223C3E170 /* Container.swift in Sources */ = {isa = PBXBuildFile; fileRef = E04D6CFF27A5CCB866F3EAA3 /* Container.swift */; };
		EC4748E632A55FB891BBBB94 /* AudioLocatorService.swift in Sources */ = {isa = PBXBuildFile; fileRef = 140521BEA2895506C3AE9F1C /* AudioLocatorService.swift */; };
/* End PBXBuildFile section */

/* Begin PBXFileReference section */
		02951BC199F462AB32BABF14 /* OPFMeta.swift */ = {isa = PBXFileReference; lastKnownFileType = sourcecode.swift; path = OPFMeta.swift; sourceTree = "<group>"; };
		0B75D0A22A8B071D2F1CAF65 /* ReadiumWebPubParser.swift */ = {isa = PBXFileReference; lastKnownFileType = sourcecode.swift; path = ReadiumWebPubParser.swift; sourceTree = "<group>"; };
		0F4C974D3469C0E4E791FE7A /* EPUBMetadataParser.swift */ = {isa = PBXFileReference; lastKnownFileType = sourcecode.swift; path = EPUBMetadataParser.swift; sourceTree = "<group>"; };
		13B6D3B9DBB01F263F0E385F /* StringExtension.swift */ = {isa = PBXFileReference; lastKnownFileType = sourcecode.swift; path = StringExtension.swift; sourceTree = "<group>"; };
		140521BEA2895506C3AE9F1C /* AudioLocatorService.swift */ = {isa = PBXFileReference; lastKnownFileType = sourcecode.swift; path = AudioLocatorService.swift; sourceTree = "<group>"; };
		15CAE010050460C287B75C9C /* DataInputStream.swift */ = {isa = PBXFileReference; lastKnownFileType = sourcecode.swift; path = DataInputStream.swift; sourceTree = "<group>"; };
		16E0B032AC40AD89C2704BA6 /* AudioParser.swift */ = {isa = PBXFileReference; lastKnownFileType = sourcecode.swift; path = AudioParser.swift; sourceTree = "<group>"; };
		1CC80F73E026FD3528FF8823 /* Bundle.swift */ = {isa = PBXFileReference; lastKnownFileType = sourcecode.swift; path = Bundle.swift; sourceTree = "<group>"; };
		216D9256D69E394757161650 /* Parser+Deprecated.swift */ = {isa = PBXFileReference; lastKnownFileType = sourcecode.swift; path = "Parser+Deprecated.swift"; sourceTree = "<group>"; };
		24B062E20F25E903D1AE656B /* ImageParser.swift */ = {isa = PBXFileReference; lastKnownFileType = sourcecode.swift; path = ImageParser.swift; sourceTree = "<group>"; };
		26E7D3A0820FC03F8F3C1EE6 /* GCDWebServer.xcframework */ = {isa = PBXFileReference; lastKnownFileType = wrapper.xcframework; name = GCDWebServer.xcframework; path = Carthage/Build/GCDWebServer.xcframework; sourceTree = "<group>"; };
		2D8C2C5E9E9C2BA3A2AF9D98 /* OPFParser.swift */ = {isa = PBXFileReference; lastKnownFileType = sourcecode.swift; path = OPFParser.swift; sourceTree = "<group>"; };
		2F64A7E8132F9C8E0332A969 /* ZIPInputStream.swift */ = {isa = PBXFileReference; lastKnownFileType = sourcecode.swift; path = ZIPInputStream.swift; sourceTree = "<group>"; };
		35F9E1A3C9FFC1CB770BA5B5 /* EPUBPositionsService.swift */ = {isa = PBXFileReference; lastKnownFileType = sourcecode.swift; path = EPUBPositionsService.swift; sourceTree = "<group>"; };
		3C18A23FF7A255EDD5187E21 /* r2-streamer-swift-Bridging-Header.h */ = {isa = PBXFileReference; lastKnownFileType = sourcecode.c.h; path = "r2-streamer-swift-Bridging-Header.h"; sourceTree = "<group>"; };
		451CBEFD8A5EF2F950E2FEBE /* r2-streamer-swift.h */ = {isa = PBXFileReference; lastKnownFileType = sourcecode.c.h; path = "r2-streamer-swift.h"; sourceTree = "<group>"; };
		5305EB5A45D5811A9E5D4A48 /* ResourceInputStream.swift */ = {isa = PBXFileReference; lastKnownFileType = sourcecode.swift; path = ResourceInputStream.swift; sourceTree = "<group>"; };
		56BEE25E992A23E374AE7737 /* DataCompression.swift */ = {isa = PBXFileReference; lastKnownFileType = sourcecode.swift; path = DataCompression.swift; sourceTree = "<group>"; };
		5D91E49248ACA7A15ECE10AF /* CBZParser.swift */ = {isa = PBXFileReference; lastKnownFileType = sourcecode.swift; path = CBZParser.swift; sourceTree = "<group>"; };
		5F3506F614C62E206D4AD4E3 /* PublicationServer.swift */ = {isa = PBXFileReference; lastKnownFileType = sourcecode.swift; path = PublicationServer.swift; sourceTree = "<group>"; };
		78A2CC0C79AE93060D414C09 /* PublicationContainer.swift */ = {isa = PBXFileReference; lastKnownFileType = sourcecode.swift; path = PublicationContainer.swift; sourceTree = "<group>"; };
		79C6C1D25A04411264C36780 /* Logger.swift */ = {isa = PBXFileReference; lastKnownFileType = sourcecode.swift; path = Logger.swift; sourceTree = "<group>"; };
		7A67C55904BC38A1B0D38717 /* PDFFileParser.swift */ = {isa = PBXFileReference; lastKnownFileType = sourcecode.swift; path = PDFFileParser.swift; sourceTree = "<group>"; };
		7C05AAB18FF5E73FDC15749C /* Assets */ = {isa = PBXFileReference; lastKnownFileType = folder; name = Assets; path = "r2-streamer-swift/Assets"; sourceTree = SOURCE_ROOT; };
		801C7C09645D2C577ECAE576 /* LCPDFPositionsService.swift */ = {isa = PBXFileReference; lastKnownFileType = sourcecode.swift; path = LCPDFPositionsService.swift; sourceTree = "<group>"; };
		89219253FC939495860CF826 /* R2Shared.xcframework */ = {isa = PBXFileReference; lastKnownFileType = wrapper.xcframework; name = R2Shared.xcframework; path = Carthage/Build/R2Shared.xcframework; sourceTree = "<group>"; };
		93B087DFE198B32286D56FCC /* NCXParser.swift */ = {isa = PBXFileReference; lastKnownFileType = sourcecode.swift; path = NCXParser.swift; sourceTree = "<group>"; };
		98C0780B1B8354B929E7F01E /* FileInputStream.swift */ = {isa = PBXFileReference; lastKnownFileType = sourcecode.swift; path = FileInputStream.swift; sourceTree = "<group>"; };
		A43C482777B16ADF9728AC07 /* Zip.h */ = {isa = PBXFileReference; lastKnownFileType = sourcecode.c.h; path = Zip.h; sourceTree = "<group>"; };
		A4A60687B88583971E88BDD0 /* Presentation+EPUB.swift */ = {isa = PBXFileReference; lastKnownFileType = sourcecode.swift; path = "Presentation+EPUB.swift"; sourceTree = "<group>"; };
		AD28FD7A44A546660FBCC48B /* Fetcher.swift */ = {isa = PBXFileReference; lastKnownFileType = sourcecode.swift; path = Fetcher.swift; sourceTree = "<group>"; };
		B12F2309C468787C435C71B2 /* Minizip.xcframework */ = {isa = PBXFileReference; lastKnownFileType = wrapper.xcframework; name = Minizip.xcframework; path = Carthage/Build/Minizip.xcframework; sourceTree = "<group>"; };
		B21D76D41DD6EA9031BC6DE4 /* EPUBHTMLInjector.swift */ = {isa = PBXFileReference; lastKnownFileType = sourcecode.swift; path = EPUBHTMLInjector.swift; sourceTree = "<group>"; };
		B98970FE9FF3BD4E2906E694 /* Streamer.swift */ = {isa = PBXFileReference; lastKnownFileType = sourcecode.swift; path = Streamer.swift; sourceTree = "<group>"; };
		BA721905E759FBD2DFCA00CC /* DataExtension.swift */ = {isa = PBXFileReference; lastKnownFileType = sourcecode.swift; path = DataExtension.swift; sourceTree = "<group>"; };
		BD1414E837911A91CB2D87B1 /* Seekable.swift */ = {isa = PBXFileReference; lastKnownFileType = sourcecode.swift; path = Seekable.swift; sourceTree = "<group>"; };
		C1107A28E35585274054A9FA /* r2-streamer-swift.framework */ = {isa = PBXFileReference; explicitFileType = wrapper.framework; includeInIndex = 0; path = "r2-streamer-swift.framework"; sourceTree = BUILT_PRODUCTS_DIR; };
		C15F0C6F80498CF08812E52B /* ZIPArchive.swift */ = {isa = PBXFileReference; lastKnownFileType = sourcecode.swift; path = ZIPArchive.swift; sourceTree = "<group>"; };
		C85A652B273CB207B0E61644 /* NavigationDocumentParser.swift */ = {isa = PBXFileReference; lastKnownFileType = sourcecode.swift; path = NavigationDocumentParser.swift; sourceTree = "<group>"; };
		D8C7305067E0BDFA6A0C1CB6 /* PDFPositionsService.swift */ = {isa = PBXFileReference; lastKnownFileType = sourcecode.swift; path = PDFPositionsService.swift; sourceTree = "<group>"; };
		DCAE76F23DD6D09566C0073E /* EPUBParser.swift */ = {isa = PBXFileReference; lastKnownFileType = sourcecode.swift; path = EPUBParser.swift; sourceTree = "<group>"; };
		E04D6CFF27A5CCB866F3EAA3 /* Container.swift */ = {isa = PBXFileReference; lastKnownFileType = sourcecode.swift; path = Container.swift; sourceTree = "<group>"; };
		E0A0AE6BF8306A4ACC18CCDD /* PublicationParser.swift */ = {isa = PBXFileReference; lastKnownFileType = sourcecode.swift; path = PublicationParser.swift; sourceTree = "<group>"; };
		E37FE0B866F8E23B3069B153 /* Fuzi.xcframework */ = {isa = PBXFileReference; lastKnownFileType = wrapper.xcframework; name = Fuzi.xcframework; path = Carthage/Build/Fuzi.xcframework; sourceTree = "<group>"; };
		E68CEBB78833A9650C14348F /* WebServerResourceResponse.swift */ = {isa = PBXFileReference; lastKnownFileType = sourcecode.swift; path = WebServerResourceResponse.swift; sourceTree = "<group>"; };
		E76A0AF2AF84B9F45F90B4A0 /* CryptoSwift.xcframework */ = {isa = PBXFileReference; lastKnownFileType = wrapper.xcframework; name = CryptoSwift.xcframework; path = Carthage/Build/CryptoSwift.xcframework; sourceTree = "<group>"; };
		E8110B3A45F98FC3B39AB4B2 /* HTTPContainer.swift */ = {isa = PBXFileReference; lastKnownFileType = sourcecode.swift; path = HTTPContainer.swift; sourceTree = "<group>"; };
		EF319FE00C3A6754013661B7 /* Info.plist */ = {isa = PBXFileReference; lastKnownFileType = text.plist; path = Info.plist; sourceTree = "<group>"; };
		F5DE51A1FD7C3F9A1A5699F3 /* SMILParser.swift */ = {isa = PBXFileReference; lastKnownFileType = sourcecode.swift; path = SMILParser.swift; sourceTree = "<group>"; };
		FA3DD21B8C6D3B42DA9B3E10 /* EPUBContainerParser.swift */ = {isa = PBXFileReference; lastKnownFileType = sourcecode.swift; path = EPUBContainerParser.swift; sourceTree = "<group>"; };
		FAE70B0564636605E0990785 /* EPUBDeobfuscator.swift */ = {isa = PBXFileReference; lastKnownFileType = sourcecode.swift; path = EPUBDeobfuscator.swift; sourceTree = "<group>"; };
		FB887AD981A34E263153F880 /* PDFParser.swift */ = {isa = PBXFileReference; lastKnownFileType = sourcecode.swift; path = PDFParser.swift; sourceTree = "<group>"; };
		FE584B472F6C941595CFA461 /* EPUBEncryptionParser.swift */ = {isa = PBXFileReference; lastKnownFileType = sourcecode.swift; path = EPUBEncryptionParser.swift; sourceTree = "<group>"; };
/* End PBXFileReference section */

/* Begin PBXFrameworksBuildPhase section */
		2EC9DDC67AC476B3E3BDABA3 /* Frameworks */ = {
			isa = PBXFrameworksBuildPhase;
			buildActionMask = 2147483647;
			files = (
				0EBAF06C364BDE8EC80BBEDE /* CryptoSwift.xcframework in Frameworks */,
				497B6380B4D288430EAFDE8B /* Fuzi.xcframework in Frameworks */,
				020C49B35FE8B846FDDC3D1B /* GCDWebServer.xcframework in Frameworks */,
				29653C311A885ED9DAC3BC25 /* R2Shared.xcframework in Frameworks */,
				DCFD50345379ECAD29592FD8 /* Minizip.xcframework in Frameworks */,
			);
			runOnlyForDeploymentPostprocessing = 0;
		};
/* End PBXFrameworksBuildPhase section */

/* Begin PBXGroup section */
		030F55708E9ABCAC550E41BF /* EPUB */ = {
			isa = PBXGroup;
			children = (
				FA3DD21B8C6D3B42DA9B3E10 /* EPUBContainerParser.swift */,
				FE584B472F6C941595CFA461 /* EPUBEncryptionParser.swift */,
				0F4C974D3469C0E4E791FE7A /* EPUBMetadataParser.swift */,
				DCAE76F23DD6D09566C0073E /* EPUBParser.swift */,
				C85A652B273CB207B0E61644 /* NavigationDocumentParser.swift */,
				93B087DFE198B32286D56FCC /* NCXParser.swift */,
				02951BC199F462AB32BABF14 /* OPFMeta.swift */,
				2D8C2C5E9E9C2BA3A2AF9D98 /* OPFParser.swift */,
				F5DE51A1FD7C3F9A1A5699F3 /* SMILParser.swift */,
				A6F1FA39CDA9EFAFD3A3357B /* Extensions */,
				EE873127A058DA7F7CB781DB /* Resource Transformers */,
				6ED7E71D1E40F4905471F83F /* Services */,
			);
			path = EPUB;
			sourceTree = "<group>";
		};
		1CB918620125F0544909C291 /* Parser */ = {
			isa = PBXGroup;
			children = (
				216D9256D69E394757161650 /* Parser+Deprecated.swift */,
				E0A0AE6BF8306A4ACC18CCDD /* PublicationParser.swift */,
				D4B8666F369AF0587245AC07 /* Audio */,
				030F55708E9ABCAC550E41BF /* EPUB */,
				FC4D88F4273979CC2F79C049 /* Image */,
				D7299EC0231E6556EB160C8B /* PDF */,
				F7B05D71AE20218A39DA16CF /* Readium */,
			);
			path = Parser;
			sourceTree = "<group>";
		};
		1D8D1F6F5FBB74C061647797 /* Streams */ = {
			isa = PBXGroup;
			children = (
				15CAE010050460C287B75C9C /* DataInputStream.swift */,
				98C0780B1B8354B929E7F01E /* FileInputStream.swift */,
				5305EB5A45D5811A9E5D4A48 /* ResourceInputStream.swift */,
				BD1414E837911A91CB2D87B1 /* Seekable.swift */,
				2F64A7E8132F9C8E0332A969 /* ZIPInputStream.swift */,
			);
			path = Streams;
			sourceTree = "<group>";
		};
		3D3D833C41DD30797DCB33CE = {
			isa = PBXGroup;
			children = (
				7C05AAB18FF5E73FDC15749C /* Assets */,
				C16A2E4DFD70E15E1A0C26EC /* r2-streamer-swift */,
				9F8D0E4173C9861F0BDF84AB /* Frameworks */,
				57F26EDDD45EFDC0D96493AB /* Products */,
			);
			sourceTree = "<group>";
		};
		496BB8D1102E7060163854F5 /* ZIPArchive */ = {
			isa = PBXGroup;
			children = (
				A43C482777B16ADF9728AC07 /* Zip.h */,
				C15F0C6F80498CF08812E52B /* ZIPArchive.swift */,
			);
			path = ZIPArchive;
			sourceTree = "<group>";
		};
		561D3B7F95F3637B9AC9A042 /* Toolkit */ = {
			isa = PBXGroup;
			children = (
				56BEE25E992A23E374AE7737 /* DataCompression.swift */,
				BA721905E759FBD2DFCA00CC /* DataExtension.swift */,
				79C6C1D25A04411264C36780 /* Logger.swift */,
				13B6D3B9DBB01F263F0E385F /* StringExtension.swift */,
				857F0534180FE9F5282D8EE9 /* Extensions */,
				1D8D1F6F5FBB74C061647797 /* Streams */,
				496BB8D1102E7060163854F5 /* ZIPArchive */,
			);
			path = Toolkit;
			sourceTree = "<group>";
		};
		57F26EDDD45EFDC0D96493AB /* Products */ = {
			isa = PBXGroup;
			children = (
				C1107A28E35585274054A9FA /* r2-streamer-swift.framework */,
			);
			name = Products;
			sourceTree = "<group>";
		};
		65F3B147048075CFA897A2D9 /* Services */ = {
			isa = PBXGroup;
			children = (
				140521BEA2895506C3AE9F1C /* AudioLocatorService.swift */,
			);
			path = Services;
			sourceTree = "<group>";
		};
		6ED7E71D1E40F4905471F83F /* Services */ = {
			isa = PBXGroup;
			children = (
				35F9E1A3C9FFC1CB770BA5B5 /* EPUBPositionsService.swift */,
			);
			path = Services;
			sourceTree = "<group>";
		};
		74A217917788421155771346 /* Server */ = {
			isa = PBXGroup;
			children = (
				5F3506F614C62E206D4AD4E3 /* PublicationServer.swift */,
				E68CEBB78833A9650C14348F /* WebServerResourceResponse.swift */,
			);
			path = Server;
			sourceTree = "<group>";
		};
		857F0534180FE9F5282D8EE9 /* Extensions */ = {
			isa = PBXGroup;
			children = (
				1CC80F73E026FD3528FF8823 /* Bundle.swift */,
				AD28FD7A44A546660FBCC48B /* Fetcher.swift */,
			);
			path = Extensions;
			sourceTree = "<group>";
		};
		85ED24F0C89E0910CB845785 /* Services */ = {
			isa = PBXGroup;
			children = (
				801C7C09645D2C577ECAE576 /* LCPDFPositionsService.swift */,
				D8C7305067E0BDFA6A0C1CB6 /* PDFPositionsService.swift */,
			);
			path = Services;
			sourceTree = "<group>";
		};
		9F8D0E4173C9861F0BDF84AB /* Frameworks */ = {
			isa = PBXGroup;
			children = (
				E76A0AF2AF84B9F45F90B4A0 /* CryptoSwift.xcframework */,
				E37FE0B866F8E23B3069B153 /* Fuzi.xcframework */,
				26E7D3A0820FC03F8F3C1EE6 /* GCDWebServer.xcframework */,
				B12F2309C468787C435C71B2 /* Minizip.xcframework */,
				89219253FC939495860CF826 /* R2Shared.xcframework */,
			);
			name = Frameworks;
			sourceTree = "<group>";
		};
		A6F1FA39CDA9EFAFD3A3357B /* Extensions */ = {
			isa = PBXGroup;
			children = (
				A4A60687B88583971E88BDD0 /* Presentation+EPUB.swift */,
			);
			path = Extensions;
			sourceTree = "<group>";
		};
		C16A2E4DFD70E15E1A0C26EC /* r2-streamer-swift */ = {
			isa = PBXGroup;
			children = (
				EF319FE00C3A6754013661B7 /* Info.plist */,
				3C18A23FF7A255EDD5187E21 /* r2-streamer-swift-Bridging-Header.h */,
				451CBEFD8A5EF2F950E2FEBE /* r2-streamer-swift.h */,
				B98970FE9FF3BD4E2906E694 /* Streamer.swift */,
				DED71BF2D16D7B387254C905 /* Model */,
				1CB918620125F0544909C291 /* Parser */,
				74A217917788421155771346 /* Server */,
				561D3B7F95F3637B9AC9A042 /* Toolkit */,
			);
			path = "r2-streamer-swift";
			sourceTree = "<group>";
		};
		D4B8666F369AF0587245AC07 /* Audio */ = {
			isa = PBXGroup;
			children = (
				16E0B032AC40AD89C2704BA6 /* AudioParser.swift */,
				65F3B147048075CFA897A2D9 /* Services */,
			);
			path = Audio;
			sourceTree = "<group>";
		};
		D7299EC0231E6556EB160C8B /* PDF */ = {
			isa = PBXGroup;
			children = (
				7A67C55904BC38A1B0D38717 /* PDFFileParser.swift */,
				FB887AD981A34E263153F880 /* PDFParser.swift */,
				85ED24F0C89E0910CB845785 /* Services */,
			);
			path = PDF;
			sourceTree = "<group>";
		};
		DED71BF2D16D7B387254C905 /* Model */ = {
			isa = PBXGroup;
			children = (
				E04D6CFF27A5CCB866F3EAA3 /* Container.swift */,
				E8110B3A45F98FC3B39AB4B2 /* HTTPContainer.swift */,
				78A2CC0C79AE93060D414C09 /* PublicationContainer.swift */,
			);
			path = Model;
			sourceTree = "<group>";
		};
		EE873127A058DA7F7CB781DB /* Resource Transformers */ = {
			isa = PBXGroup;
			children = (
				FAE70B0564636605E0990785 /* EPUBDeobfuscator.swift */,
				B21D76D41DD6EA9031BC6DE4 /* EPUBHTMLInjector.swift */,
			);
			path = "Resource Transformers";
			sourceTree = "<group>";
		};
		F7B05D71AE20218A39DA16CF /* Readium */ = {
			isa = PBXGroup;
			children = (
				0B75D0A22A8B071D2F1CAF65 /* ReadiumWebPubParser.swift */,
			);
			path = Readium;
			sourceTree = "<group>";
		};
		FC4D88F4273979CC2F79C049 /* Image */ = {
			isa = PBXGroup;
			children = (
				5D91E49248ACA7A15ECE10AF /* CBZParser.swift */,
				24B062E20F25E903D1AE656B /* ImageParser.swift */,
			);
			path = Image;
			sourceTree = "<group>";
		};
/* End PBXGroup section */

/* Begin PBXHeadersBuildPhase section */
		E10C7C2BA8FBB752A1D49807 /* Headers */ = {
			isa = PBXHeadersBuildPhase;
			buildActionMask = 2147483647;
			files = (
				897D7BFEEAB1788DD4EAE417 /* Zip.h in Headers */,
				23F7873102BA18DAE6B07E93 /* r2-streamer-swift-Bridging-Header.h in Headers */,
				271CC4B95EEEF95AE004A4D7 /* r2-streamer-swift.h in Headers */,
			);
			runOnlyForDeploymentPostprocessing = 0;
		};
/* End PBXHeadersBuildPhase section */

/* Begin PBXNativeTarget section */
		97411EA743F86E05A1EE0B2E /* r2-streamer-swift */ = {
			isa = PBXNativeTarget;
			buildConfigurationList = 4188EB6E25971041A8B8C8BF /* Build configuration list for PBXNativeTarget "r2-streamer-swift" */;
			buildPhases = (
				E10C7C2BA8FBB752A1D49807 /* Headers */,
				FCF50965606EF9C1FC5B7DEC /* Sources */,
				7E4DC64959622E9B3DE7150E /* Resources */,
				2EC9DDC67AC476B3E3BDABA3 /* Frameworks */,
			);
			buildRules = (
			);
			dependencies = (
			);
			name = "r2-streamer-swift";
			productName = "r2-streamer-swift";
			productReference = C1107A28E35585274054A9FA /* r2-streamer-swift.framework */;
			productType = "com.apple.product-type.framework";
		};
/* End PBXNativeTarget section */

/* Begin PBXProject section */
		BDD94E8927241F36D8620F2B /* Project object */ = {
			isa = PBXProject;
			attributes = {
				LastUpgradeCheck = 1200;
				TargetAttributes = {
				};
			};
			buildConfigurationList = DF44B909883E6BE4E1B55672 /* Build configuration list for PBXProject "r2-streamer-swift" */;
			compatibilityVersion = "Xcode 10.0";
			developmentRegion = en;
			hasScannedForEncodings = 0;
			knownRegions = (
				Base,
				en,
			);
			mainGroup = 3D3D833C41DD30797DCB33CE;
			projectDirPath = "";
			projectRoot = "";
			targets = (
				97411EA743F86E05A1EE0B2E /* r2-streamer-swift */,
			);
		};
/* End PBXProject section */

/* Begin PBXResourcesBuildPhase section */
		7E4DC64959622E9B3DE7150E /* Resources */ = {
			isa = PBXResourcesBuildPhase;
			buildActionMask = 2147483647;
			files = (
				934F7715E1857A1091F26BEF /* Assets in Resources */,
			);
			runOnlyForDeploymentPostprocessing = 0;
		};
/* End PBXResourcesBuildPhase section */

/* Begin PBXSourcesBuildPhase section */
		FCF50965606EF9C1FC5B7DEC /* Sources */ = {
			isa = PBXSourcesBuildPhase;
			buildActionMask = 2147483647;
			files = (
				EC4748E632A55FB891BBBB94 /* AudioLocatorService.swift in Sources */,
				8EDEC16E934F553C718276C5 /* AudioParser.swift in Sources */,
				D09E847265286597D86A3294 /* Bundle.swift in Sources */,
				640A28525DFAAAE4A222B495 /* CBZParser.swift in Sources */,
				DE35FECA4D45712223C3E170 /* Container.swift in Sources */,
				77FCA3900E9A45D6A100DC0A /* DataCompression.swift in Sources */,
				4630B7BD6320B50717EC42F8 /* DataExtension.swift in Sources */,
				A39C9E6B961B02386E732272 /* DataInputStream.swift in Sources */,
				9A1F2C9F389998E6F4CA19CD /* EPUBContainerParser.swift in Sources */,
				4CEF1BEEB0999BBCDDFFDF11 /* EPUBDeobfuscator.swift in Sources */,
				B88DECF868E0D222EB619D3A /* EPUBEncryptionParser.swift in Sources */,
				4B264DBA6231B3335896B3A6 /* EPUBHTMLInjector.swift in Sources */,
				27850D641E97EA8189722221 /* EPUBMetadataParser.swift in Sources */,
				C5D7D71AE2F4005DE40C6FE4 /* EPUBParser.swift in Sources */,
				8FACA7A787AE2B714D7B2013 /* EPUBPositionsService.swift in Sources */,
				7D5B8D2368E474E00C947B92 /* Fetcher.swift in Sources */,
				05DEB5F9798F3B71EEDDC866 /* FileInputStream.swift in Sources */,
				9A0009EED94F62D9A78F8A84 /* HTTPContainer.swift in Sources */,
				4010FFD65A22B392D7EF5EC8 /* ImageParser.swift in Sources */,
				7E06CC49F79D3A49B3EBE427 /* LCPDFPositionsService.swift in Sources */,
				1604758C67E9CA507DDE7775 /* Logger.swift in Sources */,
				D3C244ECAF437CAC74CFB4F7 /* NCXParser.swift in Sources */,
				2FAD7879A826867CD91088B3 /* NavigationDocumentParser.swift in Sources */,
				DC4455299094DBA8040C9C4F /* OPFMeta.swift in Sources */,
				091CE41A08DDECA5D8EEF400 /* OPFParser.swift in Sources */,
				3BAD2802BDEA1B76B19395DE /* PDFFileParser.swift in Sources */,
				34B1A7BA9C8D8F214CE68D88 /* PDFParser.swift in Sources */,
				14D3C19041BD78E5C24405F8 /* PDFPositionsService.swift in Sources */,
				5EB892358BDD575EE9507109 /* Parser+Deprecated.swift in Sources */,
				89658F677DF78356F30B070A /* Presentation+EPUB.swift in Sources */,
				16FA0E6F950318F99A4C9449 /* PublicationContainer.swift in Sources */,
				902F344FE71CE786F0010538 /* PublicationParser.swift in Sources */,
				48B3811527CBBFB88F69C895 /* PublicationServer.swift in Sources */,
				29C49C86831C17908B2F2AA2 /* ReadiumWebPubParser.swift in Sources */,
				6B52CC899974198692AA21B0 /* ResourceInputStream.swift in Sources */,
				9D09EDF2A342D1319D6772ED /* SMILParser.swift in Sources */,
				D6AE2284F86A3CC92BFA1A27 /* Seekable.swift in Sources */,
				3876263A975F6DED89052003 /* Streamer.swift in Sources */,
				71CDDA1B772E3DBA0E6E80C2 /* StringExtension.swift in Sources */,
				369B9121A2E039AB83526E5E /* WebServerResourceResponse.swift in Sources */,
				1DDDEDC33B518AE3ADB91456 /* ZIPArchive.swift in Sources */,
				7310785807B447C8BBF1349A /* ZIPInputStream.swift in Sources */,
			);
			runOnlyForDeploymentPostprocessing = 0;
		};
/* End PBXSourcesBuildPhase section */

/* Begin XCBuildConfiguration section */
		B323D05FF6C1C9078F9C9091 /* Debug */ = {
			isa = XCBuildConfiguration;
			buildSettings = {
				CODE_SIGN_IDENTITY = "";
				CURRENT_PROJECT_VERSION = 1;
				DEFINES_MODULE = YES;
				DYLIB_COMPATIBILITY_VERSION = 1;
				DYLIB_CURRENT_VERSION = 1;
				DYLIB_INSTALL_NAME_BASE = "@rpath";
				FRAMEWORK_SEARCH_PATHS = (
					"$(inherited)",
					"\"Carthage/Build\"",
				);
				INFOPLIST_FILE = "r2-streamer-swift/Info.plist";
				INSTALL_PATH = "$(LOCAL_LIBRARY_DIR)/Frameworks";
				IPHONEOS_DEPLOYMENT_TARGET = 10.0;
				LD_RUNPATH_SEARCH_PATHS = (
					"$(inherited)",
					"@executable_path/Frameworks",
				);
				LIBRARY_SEARCH_PATHS = "$(PROJECT_DIR)/Carthage";
				PRODUCT_BUNDLE_IDENTIFIER = "org.readium.r2-streamer-swift";
				PRODUCT_NAME = R2Streamer;
				SDKROOT = iphoneos;
				SKIP_INSTALL = YES;
				TARGETED_DEVICE_FAMILY = "1,2";
				VERSIONING_SYSTEM = "apple-generic";
			};
			name = Debug;
		};
		B4A578AD83E899DE05BF4CFF /* Release */ = {
			isa = XCBuildConfiguration;
			buildSettings = {
				CODE_SIGN_IDENTITY = "";
				CURRENT_PROJECT_VERSION = 1;
				DEFINES_MODULE = YES;
				DYLIB_COMPATIBILITY_VERSION = 1;
				DYLIB_CURRENT_VERSION = 1;
				DYLIB_INSTALL_NAME_BASE = "@rpath";
				FRAMEWORK_SEARCH_PATHS = (
					"$(inherited)",
					"\"Carthage/Build\"",
				);
				INFOPLIST_FILE = "r2-streamer-swift/Info.plist";
				INSTALL_PATH = "$(LOCAL_LIBRARY_DIR)/Frameworks";
				IPHONEOS_DEPLOYMENT_TARGET = 10.0;
				LD_RUNPATH_SEARCH_PATHS = (
					"$(inherited)",
					"@executable_path/Frameworks",
				);
				LIBRARY_SEARCH_PATHS = "$(PROJECT_DIR)/Carthage";
				PRODUCT_BUNDLE_IDENTIFIER = "org.readium.r2-streamer-swift";
				PRODUCT_NAME = R2Streamer;
				SDKROOT = iphoneos;
				SKIP_INSTALL = YES;
				TARGETED_DEVICE_FAMILY = "1,2";
				VERSIONING_SYSTEM = "apple-generic";
			};
			name = Release;
		};
		C37B5C5D36C6C236D9CF7263 /* Debug */ = {
			isa = XCBuildConfiguration;
			buildSettings = {
				ALWAYS_SEARCH_USER_PATHS = NO;
				CLANG_ANALYZER_NONNULL = YES;
				CLANG_ANALYZER_NUMBER_OBJECT_CONVERSION = YES_AGGRESSIVE;
				CLANG_CXX_LANGUAGE_STANDARD = "gnu++14";
				CLANG_CXX_LIBRARY = "libc++";
				CLANG_ENABLE_MODULES = YES;
				CLANG_ENABLE_OBJC_ARC = YES;
				CLANG_ENABLE_OBJC_WEAK = YES;
				CLANG_WARN_BLOCK_CAPTURE_AUTORELEASING = YES;
				CLANG_WARN_BOOL_CONVERSION = YES;
				CLANG_WARN_COMMA = YES;
				CLANG_WARN_CONSTANT_CONVERSION = YES;
				CLANG_WARN_DEPRECATED_OBJC_IMPLEMENTATIONS = YES;
				CLANG_WARN_DIRECT_OBJC_ISA_USAGE = YES_ERROR;
				CLANG_WARN_DOCUMENTATION_COMMENTS = YES;
				CLANG_WARN_EMPTY_BODY = YES;
				CLANG_WARN_ENUM_CONVERSION = YES;
				CLANG_WARN_INFINITE_RECURSION = YES;
				CLANG_WARN_INT_CONVERSION = YES;
				CLANG_WARN_NON_LITERAL_NULL_CONVERSION = YES;
				CLANG_WARN_OBJC_IMPLICIT_RETAIN_SELF = YES;
				CLANG_WARN_OBJC_LITERAL_CONVERSION = YES;
				CLANG_WARN_OBJC_ROOT_CLASS = YES_ERROR;
				CLANG_WARN_QUOTED_INCLUDE_IN_FRAMEWORK_HEADER = YES;
				CLANG_WARN_RANGE_LOOP_ANALYSIS = YES;
				CLANG_WARN_STRICT_PROTOTYPES = YES;
				CLANG_WARN_SUSPICIOUS_MOVE = YES;
				CLANG_WARN_UNGUARDED_AVAILABILITY = YES_AGGRESSIVE;
				CLANG_WARN_UNREACHABLE_CODE = YES;
				CLANG_WARN__DUPLICATE_METHOD_MATCH = YES;
				COPY_PHASE_STRIP = NO;
				DEBUG_INFORMATION_FORMAT = dwarf;
				ENABLE_STRICT_OBJC_MSGSEND = YES;
				ENABLE_TESTABILITY = YES;
				GCC_C_LANGUAGE_STANDARD = gnu11;
				GCC_DYNAMIC_NO_PIC = NO;
				GCC_NO_COMMON_BLOCKS = YES;
				GCC_OPTIMIZATION_LEVEL = 0;
				GCC_PREPROCESSOR_DEFINITIONS = (
					"$(inherited)",
					"DEBUG=1",
				);
				GCC_WARN_64_TO_32_BIT_CONVERSION = YES;
				GCC_WARN_ABOUT_RETURN_TYPE = YES_ERROR;
				GCC_WARN_UNDECLARED_SELECTOR = YES;
				GCC_WARN_UNINITIALIZED_AUTOS = YES_AGGRESSIVE;
				GCC_WARN_UNUSED_FUNCTION = YES;
				GCC_WARN_UNUSED_VARIABLE = YES;
				MTL_ENABLE_DEBUG_INFO = INCLUDE_SOURCE;
				MTL_FAST_MATH = YES;
				ONLY_ACTIVE_ARCH = YES;
				PRODUCT_NAME = "$(TARGET_NAME)";
				SDKROOT = iphoneos;
				SWIFT_ACTIVE_COMPILATION_CONDITIONS = DEBUG;
				SWIFT_OPTIMIZATION_LEVEL = "-Onone";
				SWIFT_VERSION = 5.0;
			};
			name = Debug;
		};
		DFADBAE35DB888CB88A98862 /* Release */ = {
			isa = XCBuildConfiguration;
			buildSettings = {
				ALWAYS_SEARCH_USER_PATHS = NO;
				CLANG_ANALYZER_NONNULL = YES;
				CLANG_ANALYZER_NUMBER_OBJECT_CONVERSION = YES_AGGRESSIVE;
				CLANG_CXX_LANGUAGE_STANDARD = "gnu++14";
				CLANG_CXX_LIBRARY = "libc++";
				CLANG_ENABLE_MODULES = YES;
				CLANG_ENABLE_OBJC_ARC = YES;
				CLANG_ENABLE_OBJC_WEAK = YES;
				CLANG_WARN_BLOCK_CAPTURE_AUTORELEASING = YES;
				CLANG_WARN_BOOL_CONVERSION = YES;
				CLANG_WARN_COMMA = YES;
				CLANG_WARN_CONSTANT_CONVERSION = YES;
				CLANG_WARN_DEPRECATED_OBJC_IMPLEMENTATIONS = YES;
				CLANG_WARN_DIRECT_OBJC_ISA_USAGE = YES_ERROR;
				CLANG_WARN_DOCUMENTATION_COMMENTS = YES;
				CLANG_WARN_EMPTY_BODY = YES;
				CLANG_WARN_ENUM_CONVERSION = YES;
				CLANG_WARN_INFINITE_RECURSION = YES;
				CLANG_WARN_INT_CONVERSION = YES;
				CLANG_WARN_NON_LITERAL_NULL_CONVERSION = YES;
				CLANG_WARN_OBJC_IMPLICIT_RETAIN_SELF = YES;
				CLANG_WARN_OBJC_LITERAL_CONVERSION = YES;
				CLANG_WARN_OBJC_ROOT_CLASS = YES_ERROR;
				CLANG_WARN_QUOTED_INCLUDE_IN_FRAMEWORK_HEADER = YES;
				CLANG_WARN_RANGE_LOOP_ANALYSIS = YES;
				CLANG_WARN_STRICT_PROTOTYPES = YES;
				CLANG_WARN_SUSPICIOUS_MOVE = YES;
				CLANG_WARN_UNGUARDED_AVAILABILITY = YES_AGGRESSIVE;
				CLANG_WARN_UNREACHABLE_CODE = YES;
				CLANG_WARN__DUPLICATE_METHOD_MATCH = YES;
				COPY_PHASE_STRIP = NO;
				DEBUG_INFORMATION_FORMAT = "dwarf-with-dsym";
				ENABLE_NS_ASSERTIONS = NO;
				ENABLE_STRICT_OBJC_MSGSEND = YES;
				GCC_C_LANGUAGE_STANDARD = gnu11;
				GCC_NO_COMMON_BLOCKS = YES;
				GCC_WARN_64_TO_32_BIT_CONVERSION = YES;
				GCC_WARN_ABOUT_RETURN_TYPE = YES_ERROR;
				GCC_WARN_UNDECLARED_SELECTOR = YES;
				GCC_WARN_UNINITIALIZED_AUTOS = YES_AGGRESSIVE;
				GCC_WARN_UNUSED_FUNCTION = YES;
				GCC_WARN_UNUSED_VARIABLE = YES;
				MTL_ENABLE_DEBUG_INFO = NO;
				MTL_FAST_MATH = YES;
				PRODUCT_NAME = "$(TARGET_NAME)";
				SDKROOT = iphoneos;
				SWIFT_COMPILATION_MODE = wholemodule;
				SWIFT_OPTIMIZATION_LEVEL = "-O";
				SWIFT_VERSION = 5.0;
			};
			name = Release;
		};
/* End XCBuildConfiguration section */

/* Begin XCConfigurationList section */
		4188EB6E25971041A8B8C8BF /* Build configuration list for PBXNativeTarget "r2-streamer-swift" */ = {
			isa = XCConfigurationList;
			buildConfigurations = (
				B323D05FF6C1C9078F9C9091 /* Debug */,
				B4A578AD83E899DE05BF4CFF /* Release */,
			);
			defaultConfigurationIsVisible = 0;
			defaultConfigurationName = Debug;
		};
		DF44B909883E6BE4E1B55672 /* Build configuration list for PBXProject "r2-streamer-swift" */ = {
			isa = XCConfigurationList;
			buildConfigurations = (
				C37B5C5D36C6C236D9CF7263 /* Debug */,
				DFADBAE35DB888CB88A98862 /* Release */,
			);
			defaultConfigurationIsVisible = 0;
			defaultConfigurationName = Debug;
		};
/* End XCConfigurationList section */
	};
	rootObject = BDD94E8927241F36D8620F2B /* Project object */;
}
